{
  "name": "straight-street",
  "version": "1.0.0",
  "lockfileVersion": 1,
  "requires": true,
  "dependencies": {
    "csv-parse": {
      "version": "2.5.0",
      "resolved": "https://registry.npmjs.org/csv-parse/-/csv-parse-2.5.0.tgz",
      "integrity": "sha512-4OcjOJQByI0YDU5COYw9HAqjo8/MOLLmT9EKyMCXUzgvh30vS1SlMK+Ho84IH5exN44cSnrYecw/7Zpu2m4lkA==",
      "dev": true
    }
  }
}
